
Microsoft Visual Studio Solution File, Format Version 12.00
# Visual Studio Version 17
VisualStudioVersion = 17.14.36109.1 d17.14
MinimumVisualStudioVersion = 10.0.40219.1
Project("{FAE04EC0-301F-11D3-BF4B-00C04F79EFBC}") = "random num", "random num.csproj", "{3181066A-CD3F-40FE-8AB2-741CC2CAF7C8}"
EndProject
Global
	GlobalSection(SolutionConfigurationPlatforms) = preSolution
		Debug|Any CPU = Debug|Any CPU
		Release|Any CPU = Release|Any CPU
	EndGlobalSection
	GlobalSection(ProjectConfigurationPlatforms) = postSolution
		{3181066A-CD3F-40FE-8AB2-741CC2CAF7C8}.Debug|Any CPU.ActiveCfg = Debug|Any CPU
		{3181066A-CD3F-40FE-8AB2-741CC2CAF7C8}.Debug|Any CPU.Build.0 = Debug|Any CPU
		{3181066A-CD3F-40FE-8AB2-741CC2CAF7C8}.Release|Any CPU.ActiveCfg = Release|Any CPU
		{3181066A-CD3F-40FE-8AB2-741CC2CAF7C8}.Release|Any CPU.Build.0 = Release|Any CPU
	EndGlobalSection
	GlobalSection(SolutionProperties) = preSolution
		HideSolutionNode = FALSE
	EndGlobalSection
	GlobalSection(ExtensibilityGlobals) = postSolution
		SolutionGuid = {64F272A5-05E0-41B8-96AC-9E536A5B77D3}
	EndGlobalSection
EndGlobal
